{
    "name": "jlox-ts",
    "version": "1.0.0",
    "lockfileVersion": 2,
    "requires": true,
    "packages": {
        "": {
            "name": "jlox-ts",
            "version": "1.0.0",
            "license": "ISC",
            "dependencies": {
                "file-api": "^0.10.4",
                "filereader": "^0.10.3"
            },
            "devDependencies": {
                "@types/node": "^16.11.6"
            }
        },
        "node_modules/@types/node": {
            "version": "16.11.6",
            "resolved": "https://registry.npmjs.org/@types/node/-/node-16.11.6.tgz",
            "integrity": "sha512-ua7PgUoeQFjmWPcoo9khiPum3Pd60k4/2ZGXt18sm2Slk0W0xZTqt5Y0Ny1NyBiN1EVQ/+FaF9NcY4Qe6rwk5w==",
            "dev": true
        },
        "node_modules/bufferjs": {
            "version": "3.0.1",
            "resolved": "https://registry.npmjs.org/bufferjs/-/bufferjs-3.0.1.tgz",
            "integrity": "sha1-BpLoKcsQoQVQ5kc5CwNesGw46O8=",
            "engines": {
                "node": ">=0.2.0"
            }
        },
        "node_modules/File": {
            "version": "0.10.2",
            "resolved": "https://registry.npmjs.org/File/-/File-0.10.2.tgz",
            "integrity": "sha1-6Jn3dtJz4iQ7qGEFuzsFbQ+5VgQ=",
            "dependencies": {
                "mime": ">= 0.0.0"
            }
        },
        "node_modules/file-api": {
            "version": "0.10.4",
            "resolved": "https://registry.npmjs.org/file-api/-/file-api-0.10.4.tgz",
            "integrity": "sha1-LxASJttyfMAXKg3WiPL2iD1SiD0=",
            "dependencies": {
                "bufferjs": "> 0.2.0",
                "File": ">= 0.10.0",
                "file-error": ">= 0.10.0",
                "FileList": ">= 0.10.0",
                "filereader": ">= 0.10.3",
                "formdata": ">= 0.10.0",
                "mime": ">= 1.2.11",
                "remedial": ">= 1.0.7"
            }
        },
        "node_modules/file-error": {
            "version": "0.10.2",
            "resolved": "https://registry.npmjs.org/file-error/-/file-error-0.10.2.tgz",
            "integrity": "sha1-ljtIuSc7PUuEtADuVxvHixc5cko="
        },
        "node_modules/FileList": {
            "version": "0.10.2",
            "resolved": "https://registry.npmjs.org/FileList/-/FileList-0.10.2.tgz",
            "integrity": "sha1-YAOxqXFZNBZLZ8Q0rWqHQaHNFHo="
        },
        "node_modules/filereader": {
            "version": "0.10.3",
            "resolved": "https://registry.npmjs.org/filereader/-/filereader-0.10.3.tgz",
            "integrity": "sha1-x0fUos2PYeVBinwH/hJXpD8KzbE="
        },
        "node_modules/foreachasync": {
            "version": "3.0.0",
            "resolved": "https://registry.npmjs.org/foreachasync/-/foreachasync-3.0.0.tgz",
            "integrity": "sha1-VQKYfchxS+M5IJfzLgBxyd7gfPY="
        },
        "node_modules/formdata": {
            "version": "0.10.4",
            "resolved": "https://registry.npmjs.org/formdata/-/formdata-0.10.4.tgz",
            "integrity": "sha1-liH9wMw2H0oBEd5dJbNfanjcVaA=",
            "dependencies": {
                "bufferjs": "^2.0.0",
                "File": "^0.10.2",
                "FileList": "^0.10.2",
                "filereader": "^0.10.3",
                "foreachasync": "^3.0.0",
                "remedial": "^1.0.7"
            }
        },
        "node_modules/formdata/node_modules/bufferjs": {
            "version": "2.0.0",
            "resolved": "https://registry.npmjs.org/bufferjs/-/bufferjs-2.0.0.tgz",
            "integrity": "sha1-aF5x7VwGAOPXA/+b0BK7MnCjnig=",
            "engines": {
                "node": ">=0.2.0"
            }
        },
        "node_modules/mime": {
            "version": "3.0.0",
            "resolved": "https://registry.npmjs.org/mime/-/mime-3.0.0.tgz",
            "integrity": "sha512-jSCU7/VB1loIWBZe14aEYHU/+1UMEHoaO7qxCOVJOw9GgH72VAWppxNcjU+x9a2k3GSIBXNKxXQFqRvvZ7vr3A==",
            "bin": {
                "mime": "cli.js"
            },
            "engines": {
                "node": ">=10.0.0"
            }
        },
        "node_modules/remedial": {
            "version": "1.0.8",
            "resolved": "https://registry.npmjs.org/remedial/-/remedial-1.0.8.tgz",
            "integrity": "sha512-/62tYiOe6DzS5BqVsNpH/nkGlX45C/Sp6V+NtiN6JQNS1Viay7cWkazmRkrQrdFj2eshDe96SIQNIoMxqhzBOg==",
            "engines": {
                "node": "*"
            }
        }
    },
    "dependencies": {
        "@types/node": {
            "version": "16.11.6",
            "resolved": "https://registry.npmjs.org/@types/node/-/node-16.11.6.tgz",
            "integrity": "sha512-ua7PgUoeQFjmWPcoo9khiPum3Pd60k4/2ZGXt18sm2Slk0W0xZTqt5Y0Ny1NyBiN1EVQ/+FaF9NcY4Qe6rwk5w==",
            "dev": true
        },
        "bufferjs": {
            "version": "3.0.1",
            "resolved": "https://registry.npmjs.org/bufferjs/-/bufferjs-3.0.1.tgz",
            "integrity": "sha1-BpLoKcsQoQVQ5kc5CwNesGw46O8="
        },
        "File": {
            "version": "0.10.2",
            "resolved": "https://registry.npmjs.org/File/-/File-0.10.2.tgz",
            "integrity": "sha1-6Jn3dtJz4iQ7qGEFuzsFbQ+5VgQ=",
            "requires": {
                "mime": ">= 0.0.0"
            }
        },
        "file-api": {
            "version": "0.10.4",
            "resolved": "https://registry.npmjs.org/file-api/-/file-api-0.10.4.tgz",
            "integrity": "sha1-LxASJttyfMAXKg3WiPL2iD1SiD0=",
            "requires": {
                "bufferjs": "> 0.2.0",
                "File": ">= 0.10.0",
                "file-error": ">= 0.10.0",
                "FileList": ">= 0.10.0",
                "filereader": ">= 0.10.3",
                "formdata": ">= 0.10.0",
                "mime": ">= 1.2.11",
                "remedial": ">= 1.0.7"
            }
        },
        "file-error": {
            "version": "0.10.2",
            "resolved": "https://registry.npmjs.org/file-error/-/file-error-0.10.2.tgz",
            "integrity": "sha1-ljtIuSc7PUuEtADuVxvHixc5cko="
        },
        "FileList": {
            "version": "0.10.2",
            "resolved": "https://registry.npmjs.org/FileList/-/FileList-0.10.2.tgz",
            "integrity": "sha1-YAOxqXFZNBZLZ8Q0rWqHQaHNFHo="
        },
        "filereader": {
            "version": "0.10.3",
            "resolved": "https://registry.npmjs.org/filereader/-/filereader-0.10.3.tgz",
            "integrity": "sha1-x0fUos2PYeVBinwH/hJXpD8KzbE="
        },
        "foreachasync": {
            "version": "3.0.0",
            "resolved": "https://registry.npmjs.org/foreachasync/-/foreachasync-3.0.0.tgz",
            "integrity": "sha1-VQKYfchxS+M5IJfzLgBxyd7gfPY="
        },
        "formdata": {
            "version": "0.10.4",
            "resolved": "https://registry.npmjs.org/formdata/-/formdata-0.10.4.tgz",
            "integrity": "sha1-liH9wMw2H0oBEd5dJbNfanjcVaA=",
            "requires": {
                "bufferjs": "^2.0.0",
                "File": "^0.10.2",
                "FileList": "^0.10.2",
                "filereader": "^0.10.3",
                "foreachasync": "^3.0.0",
                "remedial": "^1.0.7"
            },
            "dependencies": {
                "bufferjs": {
                    "version": "2.0.0",
                    "resolved": "https://registry.npmjs.org/bufferjs/-/bufferjs-2.0.0.tgz",
                    "integrity": "sha1-aF5x7VwGAOPXA/+b0BK7MnCjnig="
                }
            }
        },
        "mime": {
            "version": "3.0.0",
            "resolved": "https://registry.npmjs.org/mime/-/mime-3.0.0.tgz",
            "integrity": "sha512-jSCU7/VB1loIWBZe14aEYHU/+1UMEHoaO7qxCOVJOw9GgH72VAWppxNcjU+x9a2k3GSIBXNKxXQFqRvvZ7vr3A=="
        },
        "remedial": {
            "version": "1.0.8",
            "resolved": "https://registry.npmjs.org/remedial/-/remedial-1.0.8.tgz",
            "integrity": "sha512-/62tYiOe6DzS5BqVsNpH/nkGlX45C/Sp6V+NtiN6JQNS1Viay7cWkazmRkrQrdFj2eshDe96SIQNIoMxqhzBOg=="
        }
    }
}
